
Microsoft Visual Studio Solution File, Format Version 12.00
# Visual Studio 15
VisualStudioVersion = 15.0.27428.2002
MinimumVisualStudioVersion = 10.0.40219.1
Project("{FAE04EC0-301F-11D3-BF4B-00C04F79EFBC}") = "T1-P1-1", "T1-P1-1\T1-P1-1.csproj", "{C109FFC6-05C0-4BE8-AEEE-2B1E0DBEC768}"
EndProject
Project("{FAE04EC0-301F-11D3-BF4B-00C04F79EFBC}") = "T3-P1-1", "T3-P1-1\T3-P1-1.csproj", "{7A25CC61-E0B5-4DAD-8DC8-9369E0687373}"
EndProject
Project("{FAE04EC0-301F-11D3-BF4B-00C04F79EFBC}") = "T3-P1-2", "T3-P1-2\T3-P1-2.csproj", "{62BA57EF-80F1-42D1-88B9-5D3C58800531}"
EndProject
Project("{FAE04EC0-301F-11D3-BF4B-00C04F79EFBC}") = "T3-P1-3", "T3-P1-3\T3-P1-3.csproj", "{323D5F98-E3EF-4FE7-BB2E-1A7FDE3FDD7E}"
EndProject
Project("{FAE04EC0-301F-11D3-BF4B-00C04F79EFBC}") = "T4-P1-1", "T4-P1-1\T4-P1-1.csproj", "{E3E4302F-001B-4AF0-A04B-713B9CDBC759}"
EndProject
Project("{FAE04EC0-301F-11D3-BF4B-00C04F79EFBC}") = "T4-P1-2", "T4-P1-2\T4-P1-2.csproj", "{88775CE2-EC07-4896-AB07-F38F68E3DAB7}"
EndProject
Global
	GlobalSection(SolutionConfigurationPlatforms) = preSolution
		Debug|Any CPU = Debug|Any CPU
		Release|Any CPU = Release|Any CPU
	EndGlobalSection
	GlobalSection(ProjectConfigurationPlatforms) = postSolution
		{C109FFC6-05C0-4BE8-AEEE-2B1E0DBEC768}.Debug|Any CPU.ActiveCfg = Debug|Any CPU
		{C109FFC6-05C0-4BE8-AEEE-2B1E0DBEC768}.Debug|Any CPU.Build.0 = Debug|Any CPU
		{C109FFC6-05C0-4BE8-AEEE-2B1E0DBEC768}.Release|Any CPU.ActiveCfg = Release|Any CPU
		{C109FFC6-05C0-4BE8-AEEE-2B1E0DBEC768}.Release|Any CPU.Build.0 = Release|Any CPU
		{7A25CC61-E0B5-4DAD-8DC8-9369E0687373}.Debug|Any CPU.ActiveCfg = Debug|Any CPU
		{7A25CC61-E0B5-4DAD-8DC8-9369E0687373}.Debug|Any CPU.Build.0 = Debug|Any CPU
		{7A25CC61-E0B5-4DAD-8DC8-9369E0687373}.Release|Any CPU.ActiveCfg = Release|Any CPU
		{7A25CC61-E0B5-4DAD-8DC8-9369E0687373}.Release|Any CPU.Build.0 = Release|Any CPU
		{62BA57EF-80F1-42D1-88B9-5D3C58800531}.Debug|Any CPU.ActiveCfg = Debug|Any CPU
		{62BA57EF-80F1-42D1-88B9-5D3C58800531}.Debug|Any CPU.Build.0 = Debug|Any CPU
		{62BA57EF-80F1-42D1-88B9-5D3C58800531}.Release|Any CPU.ActiveCfg = Release|Any CPU
		{62BA57EF-80F1-42D1-88B9-5D3C58800531}.Release|Any CPU.Build.0 = Release|Any CPU
		{323D5F98-E3EF-4FE7-BB2E-1A7FDE3FDD7E}.Debug|Any CPU.ActiveCfg = Debug|Any CPU
		{323D5F98-E3EF-4FE7-BB2E-1A7FDE3FDD7E}.Debug|Any CPU.Build.0 = Debug|Any CPU
		{323D5F98-E3EF-4FE7-BB2E-1A7FDE3FDD7E}.Release|Any CPU.ActiveCfg = Release|Any CPU
		{323D5F98-E3EF-4FE7-BB2E-1A7FDE3FDD7E}.Release|Any CPU.Build.0 = Release|Any CPU
		{E3E4302F-001B-4AF0-A04B-713B9CDBC759}.Debug|Any CPU.ActiveCfg = Debug|Any CPU
		{E3E4302F-001B-4AF0-A04B-713B9CDBC759}.Debug|Any CPU.Build.0 = Debug|Any CPU
		{E3E4302F-001B-4AF0-A04B-713B9CDBC759}.Release|Any CPU.ActiveCfg = Release|Any CPU
		{E3E4302F-001B-4AF0-A04B-713B9CDBC759}.Release|Any CPU.Build.0 = Release|Any CPU
		{88775CE2-EC07-4896-AB07-F38F68E3DAB7}.Debug|Any CPU.ActiveCfg = Debug|Any CPU
		{88775CE2-EC07-4896-AB07-F38F68E3DAB7}.Debug|Any CPU.Build.0 = Debug|Any CPU
		{88775CE2-EC07-4896-AB07-F38F68E3DAB7}.Release|Any CPU.ActiveCfg = Release|Any CPU
		{88775CE2-EC07-4896-AB07-F38F68E3DAB7}.Release|Any CPU.Build.0 = Release|Any CPU
	EndGlobalSection
	GlobalSection(SolutionProperties) = preSolution
		HideSolutionNode = FALSE
	EndGlobalSection
	GlobalSection(ExtensibilityGlobals) = postSolution
		SolutionGuid = {9E3AFDDD-6B83-4E8B-876C-9EA1930FAF54}
	EndGlobalSection
EndGlobal
